
Microsoft Visual Studio Solution File, Format Version 12.00
# Visual Studio Version 17
VisualStudioVersion = 17.7.34202.233
MinimumVisualStudioVersion = 10.0.40219.1
Project("{FAE04EC0-301F-11D3-BF4B-00C04F79EFBC}") = "Sistema de Vendas", "Sistema de Vendas\Sistema de Vendas.csproj", "{EA99346B-1505-4CAB-89C7-581E212DCB43}"
EndProject
Global
	GlobalSection(SolutionConfigurationPlatforms) = preSolution
		Debug|Any CPU = Debug|Any CPU
		Release|Any CPU = Release|Any CPU
	EndGlobalSection
	GlobalSection(ProjectConfigurationPlatforms) = postSolution
		{EA99346B-1505-4CAB-89C7-581E212DCB43}.Debug|Any CPU.ActiveCfg = Debug|Any CPU
		{EA99346B-1505-4CAB-89C7-581E212DCB43}.Debug|Any CPU.Build.0 = Debug|Any CPU
		{EA99346B-1505-4CAB-89C7-581E212DCB43}.Release|Any CPU.ActiveCfg = Release|Any CPU
		{EA99346B-1505-4CAB-89C7-581E212DCB43}.Release|Any CPU.Build.0 = Release|Any CPU
	EndGlobalSection
	GlobalSection(SolutionProperties) = preSolution
		HideSolutionNode = FALSE
	EndGlobalSection
	GlobalSection(ExtensibilityGlobals) = postSolution
		SolutionGuid = {77C87EED-D40D-4349-A22C-891F88375701}
	EndGlobalSection
EndGlobal
